<?xml version="1.0" encoding="utf-8"?>
<Project ToolsVersion="4.0" xmlns="http://schemas.microsoft.com/developer/msbuild/2003">
  <ItemGroup>
    <Filter Include="Source Files">
      <UniqueIdentifier>{4FC737F1-C7A5-4376-A066-2A32D752A2FF}</UniqueIdentifier>
      <Extensions>cpp;c;cc;cxx;c++;cppm;ixx;def;odl;idl;hpj;bat;asm;asmx</Extensions>
    </Filter>
    <Filter Include="header">
      <UniqueIdentifier>{710d1e5d-08b0-4938-bdbc-38a0e77e525c}</UniqueIdentifier>
    </Filter>
    <Filter Include="ressources">
      <UniqueIdentifier>{2e7c0d7c-8227-4821-b560-312ac6f2f97e}</UniqueIdentifier>
    </Filter>
    <Filter Include="website">
      <UniqueIdentifier>{ba0758a9-b935-427a-8e26-ee59ecc20d18}</UniqueIdentifier>
    </Filter>
    <Filter Include="website\src">
      <UniqueIdentifier>{69ca200d-8ae6-4a82-b18f-3491a819b156}</UniqueIdentifier>
    </Filter>
    <Filter Include="website\src\components">
      <UniqueIdentifier>{931c786e-6ebd-4435-adfe-7e9016b3ed1e}</UniqueIdentifier>
    </Filter>
  </ItemGroup>
  <ItemGroup>
    <ClCompile Include="src\main.cpp">
      <Filter>Source Files</Filter>
    </ClCompile>
  </ItemGroup>
  <ItemGroup>
    <ClInclude Include="header\EndianPortable.h">
      <Filter>header</Filter>
    </ClInclude>
    <ClInclude Include="header\extractor.h">
      <Filter>header</Filter>
    </ClInclude>
    <ClInclude Include="header\sqlite.h">
      <Filter>header</Filter>
    </ClInclude>
    <ClInclude Include="header\sniffer.h">
      <Filter>header</Filter>
    </ClInclude>
    <ClInclude Include="header\player.h">
      <Filter>header</Filter>
    </ClInclude>
  </ItemGroup>
  <ItemGroup>
    <None Include="website\package.json">
      <Filter>website</Filter>
    </None>
    <None Include="website\server.js">
      <Filter>website</Filter>
    </None>
    <None Include="website\vue.config.js">
      <Filter>website</Filter>
    </None>
    <None Include="website\src\App.vue">
      <Filter>website\src</Filter>
    </None>
    <None Include="website\src\main.js">
      <Filter>website\src</Filter>
    </None>
    <None Include="website\src\components\History.vue">
      <Filter>website\src\components</Filter>
    </None>
    <None Include="website\src\components\Prison.vue">
      <Filter>website\src\components</Filter>
    </None>
    <None Include="website\src\components\Session.vue">
      <Filter>website\src\components</Filter>
    </None>
    <None Include="website\src\components\Toolbar.vue">
      <Filter>website\src\components</Filter>
    </None>
  </ItemGroup>
</Project>